{
  "object": {
    "pins": [
      {
        "package": "BetterCodable",
        "repositoryURL": "https://github.com/marksands/BetterCodable",
        "state": {
          "branch": null,
          "revision": "61153170668db7a46a20a87e35e70f80b24d4eb5",
          "version": "0.4.0"
        }
      },
      {
        "package": "Connectivity",
        "repositoryURL": "https://github.com/rwbutler/connectivity",
        "state": {
          "branch": null,
          "revision": "92738e4059b1a58d52c2c04ebd1d799e14fc4a42",
          "version": "5.3.1"
        }
      },
      {
        "package": "LaunchAtLogin",
        "repositoryURL": "https://github.com/bitgapp/LaunchAtLogin",
        "state": {
          "branch": null,
          "revision": "3f18355f492993c2fd5c571d97e524697d16d572",
          "version": "4.0.1"
        }
      },
      {
        "package": "swift-atomics",
        "repositoryURL": "https://github.com/apple/swift-atomics.git",
        "state": {
          "branch": null,
          "revision": "b601256eab081c0f92f059e12818ac1d4f178ff7",
          "version": "1.3.0"
        }
      },
      {
        "package": "Version",
        "repositoryURL": "https://github.com/mxcl/Version",
        "state": {
          "branch": null,
          "revision": "67ce582bb9de70e1eb2ee41fd71aad3b5f86d97b",
          "version": "2.2.0"
        }
      }
    ]
  },
  "version": 1
}
